
Microsoft Visual Studio Solution File, Format Version 12.00
# Visual Studio Version 16
VisualStudioVersion = 16.0.31019.35
MinimumVisualStudioVersion = 10.0.40219.1
Project("{FAE04EC0-301F-11D3-BF4B-00C04F79EFBC}") = "AmericaVirtual_Web", "AmericaVirtual_Web\AmericaVirtual_Web.csproj", "{FE0A362B-20A1-4F75-8691-741687CCEE6E}"
	ProjectSection(ProjectDependencies) = postProject
		{A7456879-4635-4F35-B1FC-41FF69727B04} = {A7456879-4635-4F35-B1FC-41FF69727B04}
	EndProjectSection
EndProject
Project("{FAE04EC0-301F-11D3-BF4B-00C04F79EFBC}") = "AmericaVirtual_DataModel", "..\AmericaVirtual_DataModel\AmericaVirtual_DataModel\AmericaVirtual_DataModel.csproj", "{B39853D4-FEFE-4C5B-B704-42D4481D62C4}"
EndProject
Project("{FAE04EC0-301F-11D3-BF4B-00C04F79EFBC}") = "AmericaVirtualWS", "..\AmericaVirtualWS\AmericaVirtualWS\AmericaVirtualWS.csproj", "{A7456879-4635-4F35-B1FC-41FF69727B04}"
EndProject
Global
	GlobalSection(SolutionConfigurationPlatforms) = preSolution
		Debug|Any CPU = Debug|Any CPU
		Release|Any CPU = Release|Any CPU
	EndGlobalSection
	GlobalSection(ProjectConfigurationPlatforms) = postSolution
		{FE0A362B-20A1-4F75-8691-741687CCEE6E}.Debug|Any CPU.ActiveCfg = Debug|Any CPU
		{FE0A362B-20A1-4F75-8691-741687CCEE6E}.Debug|Any CPU.Build.0 = Debug|Any CPU
		{FE0A362B-20A1-4F75-8691-741687CCEE6E}.Release|Any CPU.ActiveCfg = Release|Any CPU
		{FE0A362B-20A1-4F75-8691-741687CCEE6E}.Release|Any CPU.Build.0 = Release|Any CPU
		{B39853D4-FEFE-4C5B-B704-42D4481D62C4}.Debug|Any CPU.ActiveCfg = Debug|Any CPU
		{B39853D4-FEFE-4C5B-B704-42D4481D62C4}.Debug|Any CPU.Build.0 = Debug|Any CPU
		{B39853D4-FEFE-4C5B-B704-42D4481D62C4}.Release|Any CPU.ActiveCfg = Release|Any CPU
		{B39853D4-FEFE-4C5B-B704-42D4481D62C4}.Release|Any CPU.Build.0 = Release|Any CPU
		{A7456879-4635-4F35-B1FC-41FF69727B04}.Debug|Any CPU.ActiveCfg = Debug|Any CPU
		{A7456879-4635-4F35-B1FC-41FF69727B04}.Debug|Any CPU.Build.0 = Debug|Any CPU
		{A7456879-4635-4F35-B1FC-41FF69727B04}.Release|Any CPU.ActiveCfg = Release|Any CPU
		{A7456879-4635-4F35-B1FC-41FF69727B04}.Release|Any CPU.Build.0 = Release|Any CPU
	EndGlobalSection
	GlobalSection(SolutionProperties) = preSolution
		HideSolutionNode = FALSE
	EndGlobalSection
	GlobalSection(ExtensibilityGlobals) = postSolution
		SolutionGuid = {B140EA7A-3761-4F6D-A71C-C1A395560039}
	EndGlobalSection
EndGlobal
